{
  "nodes": {
    "agentic-nvim-src": {
      "flake": false,
      "locked": {
        "lastModified": 1785678753,
        "narHash": "sha256-HexOfPgYyOOvA//E42/omlCTm1/ph0TmIip/p7+Nt8s=",
        "owner": "carlos-algms",
        "repo": "agentic.nvim",
        "rev": "63b80d8227f7309545ca24b8da1685e08bd0c9ea",
        "type": "github"
      },
      "original": {
        "owner": "carlos-algms",
        "repo": "agentic.nvim",
        "type": "github"
      }
    },
    "diffbandit-nvim-src": {
      "flake": false,
      "locked": {
        "lastModified": 1785686546,
        "narHash": "sha256-bEtviacaY0c6pE9VKnnuTBL1MgnUnMFRiyMAwgmqAgo=",
        "owner": "CoreyKaylor",
        "repo": "diffbandit.nvim",
        "rev": "207ef5718edb74161897eafb1cbe6f7832cda28b",
        "type": "github"
      },
      "original": {
        "owner": "CoreyKaylor",
        "repo": "diffbandit.nvim",
        "type": "github"
      }
    },
    "nixpkgs": {
      "locked": {
        "lastModified": 1785571196,
        "narHash": "sha256-KoTsyMQqnXQZq8deCEnu4QkyldkwH/bpMMhUcfMdGIw=",
        "owner": "NixOS",
        "repo": "nixpkgs",
        "rev": "148bab9c1c3c53136ecb44a6ea356a0ed5b39b06",
        "type": "github"
      },
      "original": {
        "owner": "NixOS",
        "ref": "nixos-unstable",
        "repo": "nixpkgs",
        "type": "github"
      }
    },
    "notion-nvim-src": {
      "flake": false,
      "locked": {
        "lastModified": 1782317505,
        "narHash": "sha256-3GAq0ITP7PW1isLGZbgx6xVKf0Dm6GOrx4e5/G58ph8=",
        "owner": "ALT-F4-LLC",
        "repo": "notion.nvim",
        "rev": "86c4862adae62b3cd41516788e5a3b28c5c8cd19",
        "type": "github"
      },
      "original": {
        "owner": "ALT-F4-LLC",
        "repo": "notion.nvim",
        "type": "github"
      }
    },
    "octo-nvim-src": {
      "flake": false,
      "locked": {
        "lastModified": 1785452989,
        "narHash": "sha256-p5s9JhujDEZezYYsNygi9ejI4qlxluRO3jYWFdJkSrw=",
        "owner": "pwntester",
        "repo": "octo.nvim",
        "rev": "205f024d3ea4a3d81aac751b6bf8e2d01e0c204f",
        "type": "github"
      },
      "original": {
        "owner": "pwntester",
        "repo": "octo.nvim",
        "type": "github"
      }
    },
    "root": {
      "inputs": {
        "agentic-nvim-src": "agentic-nvim-src",
        "diffbandit-nvim-src": "diffbandit-nvim-src",
        "nixpkgs": "nixpkgs",
        "notion-nvim-src": "notion-nvim-src",
        "octo-nvim-src": "octo-nvim-src"
      }
    }
  },
  "root": "root",
  "version": 7
}
