{
  "nodes": {
    "agentic-nvim-src": {
      "flake": false,
      "locked": {
        "lastModified": 1786258608,
        "narHash": "sha256-Sjon3QVcasCW4kYHGgwFeRN1eFhKBBURMm/hNqculuI=",
        "owner": "carlos-algms",
        "repo": "agentic.nvim",
        "rev": "9945381350664ab3057d480e5cee02a328ef21d5",
        "type": "github"
      },
      "original": {
        "owner": "carlos-algms",
        "repo": "agentic.nvim",
        "type": "github"
      }
    },
    "nixpkgs": {
      "locked": {
        "lastModified": 1787001381,
        "narHash": "sha256-Ue1Yo8gfHdD4TMtNewhA4tkSYeFqXThju0nCyJc3ALo=",
        "owner": "NixOS",
        "repo": "nixpkgs",
        "rev": "ec2d622de0773551768cf98f3fc50cbcc003b9c5",
        "type": "github"
      },
      "original": {
        "owner": "NixOS",
        "ref": "nixos-unstable",
        "repo": "nixpkgs",
        "type": "github"
      }
    },
    "notion-nvim-src": {
      "flake": false,
      "locked": {
        "lastModified": 1782317505,
        "narHash": "sha256-3GAq0ITP7PW1isLGZbgx6xVKf0Dm6GOrx4e5/G58ph8=",
        "owner": "ALT-F4-LLC",
        "repo": "notion.nvim",
        "rev": "86c4862adae62b3cd41516788e5a3b28c5c8cd19",
        "type": "github"
      },
      "original": {
        "owner": "ALT-F4-LLC",
        "repo": "notion.nvim",
        "type": "github"
      }
    },
    "octo-nvim-src": {
      "flake": false,
      "locked": {
        "lastModified": 1785452989,
        "narHash": "sha256-p5s9JhujDEZezYYsNygi9ejI4qlxluRO3jYWFdJkSrw=",
        "owner": "pwntester",
        "repo": "octo.nvim",
        "rev": "205f024d3ea4a3d81aac751b6bf8e2d01e0c204f",
        "type": "github"
      },
      "original": {
        "owner": "pwntester",
        "repo": "octo.nvim",
        "type": "github"
      }
    },
    "root": {
      "inputs": {
        "agentic-nvim-src": "agentic-nvim-src",
        "nixpkgs": "nixpkgs",
        "notion-nvim-src": "notion-nvim-src",
        "octo-nvim-src": "octo-nvim-src"
      }
    }
  },
  "root": "root",
  "version": 7
}
