{
  "nodes": {
    "agentic-nvim-src": {
      "flake": false,
      "locked": {
        "lastModified": 1787489109,
        "narHash": "sha256-gGesKupHCLVTQ27vj2OTllOPNG1hubZdUrYTqpofEVM=",
        "owner": "carlos-algms",
        "repo": "agentic.nvim",
        "rev": "81628c1dc07edadd1c2c3c27d8dbcb424da1dea0",
        "type": "github"
      },
      "original": {
        "owner": "carlos-algms",
        "repo": "agentic.nvim",
        "type": "github"
      }
    },
    "nixpkgs": {
      "locked": {
        "lastModified": 1787360063,
        "narHash": "sha256-dt4WdcvsA8/RCe+VZZwqU0X+XMM3wBbGCWA0/sFWzGo=",
        "owner": "NixOS",
        "repo": "nixpkgs",
        "rev": "2c423e03bbafcff28bfadc6781a4a8257f205cb5",
        "type": "github"
      },
      "original": {
        "owner": "NixOS",
        "ref": "nixos-unstable",
        "repo": "nixpkgs",
        "type": "github"
      }
    },
    "notion-nvim-src": {
      "flake": false,
      "locked": {
        "lastModified": 1782317505,
        "narHash": "sha256-3GAq0ITP7PW1isLGZbgx6xVKf0Dm6GOrx4e5/G58ph8=",
        "owner": "ALT-F4-LLC",
        "repo": "notion.nvim",
        "rev": "86c4862adae62b3cd41516788e5a3b28c5c8cd19",
        "type": "github"
      },
      "original": {
        "owner": "ALT-F4-LLC",
        "repo": "notion.nvim",
        "type": "github"
      }
    },
    "octo-nvim-src": {
      "flake": false,
      "locked": {
        "lastModified": 1787552181,
        "narHash": "sha256-CacI1xghdnBSGUBWRlKUs/dlK4tvYZ8ZWXGe20MnXl8=",
        "owner": "pwntester",
        "repo": "octo.nvim",
        "rev": "cc0d539104d778de8ba6fc1142bdf8c1ce14dee1",
        "type": "github"
      },
      "original": {
        "owner": "pwntester",
        "repo": "octo.nvim",
        "type": "github"
      }
    },
    "root": {
      "inputs": {
        "agentic-nvim-src": "agentic-nvim-src",
        "nixpkgs": "nixpkgs",
        "notion-nvim-src": "notion-nvim-src",
        "octo-nvim-src": "octo-nvim-src"
      }
    }
  },
  "root": "root",
  "version": 7
}
